
Microsoft Visual Studio Solution File, Format Version 12.00
# Visual Studio Version 17
VisualStudioVersion = 17.10.35201.131
MinimumVisualStudioVersion = 10.0.40219.1
Project("{FAE04EC0-301F-11D3-BF4B-00C04F79EFBC}") = "WAD.CW.16634", "WAD.CW.16634\WAD.CW.16634.csproj", "{0F102679-EC9A-4A97-BFDD-562A90DC0245}"
EndProject
Global
	GlobalSection(SolutionConfigurationPlatforms) = preSolution
		Debug|Any CPU = Debug|Any CPU
		Release|Any CPU = Release|Any CPU
	EndGlobalSection
	GlobalSection(ProjectConfigurationPlatforms) = postSolution
		{0F102679-EC9A-4A97-BFDD-562A90DC0245}.Debug|Any CPU.ActiveCfg = Debug|Any CPU
		{0F102679-EC9A-4A97-BFDD-562A90DC0245}.Debug|Any CPU.Build.0 = Debug|Any CPU
		{0F102679-EC9A-4A97-BFDD-562A90DC0245}.Release|Any CPU.ActiveCfg = Release|Any CPU
		{0F102679-EC9A-4A97-BFDD-562A90DC0245}.Release|Any CPU.Build.0 = Release|Any CPU
	EndGlobalSection
	GlobalSection(SolutionProperties) = preSolution
		HideSolutionNode = FALSE
	EndGlobalSection
	GlobalSection(ExtensibilityGlobals) = postSolution
		SolutionGuid = {3BFF4334-8B42-43CE-A45D-A2B58CA428C5}
	EndGlobalSection
EndGlobal
